
Microsoft Visual Studio Solution File, Format Version 12.00
# Visual Studio Version 17
VisualStudioVersion = 17.11.35312.102
MinimumVisualStudioVersion = 10.0.40219.1
Project("{FAE04EC0-301F-11D3-BF4B-00C04F79EFBC}") = "Cwiczenia - Dane Perso", "Cwiczenia - Dane Perso\Cwiczenia - Dane Perso.csproj", "{C8EF9FC3-9EE5-47B3-9C63-E194782873B8}"
EndProject
Global
	GlobalSection(SolutionConfigurationPlatforms) = preSolution
		Debug|Any CPU = Debug|Any CPU
		Release|Any CPU = Release|Any CPU
	EndGlobalSection
	GlobalSection(ProjectConfigurationPlatforms) = postSolution
		{C8EF9FC3-9EE5-47B3-9C63-E194782873B8}.Debug|Any CPU.ActiveCfg = Debug|Any CPU
		{C8EF9FC3-9EE5-47B3-9C63-E194782873B8}.Debug|Any CPU.Build.0 = Debug|Any CPU
		{C8EF9FC3-9EE5-47B3-9C63-E194782873B8}.Release|Any CPU.ActiveCfg = Release|Any CPU
		{C8EF9FC3-9EE5-47B3-9C63-E194782873B8}.Release|Any CPU.Build.0 = Release|Any CPU
	EndGlobalSection
	GlobalSection(SolutionProperties) = preSolution
		HideSolutionNode = FALSE
	EndGlobalSection
	GlobalSection(ExtensibilityGlobals) = postSolution
		SolutionGuid = {6B13F083-54C7-4CD4-99A0-6C3B31D15128}
	EndGlobalSection
EndGlobal
